
Microsoft Visual Studio Solution File, Format Version 12.00
# Visual Studio 15
VisualStudioVersion = 15.0.28307.1738
MinimumVisualStudioVersion = 10.0.40219.1
Project("{FAE04EC0-301F-11D3-BF4B-00C04F79EFBC}") = "TN_CSDLPT_NOV09", "TN_CSDLPT_NOV09\TN_CSDLPT_NOV09.csproj", "{BCD4C222-A030-42A1-B368-AB9EC65485BF}"
EndProject
Global
	GlobalSection(SolutionConfigurationPlatforms) = preSolution
		Debug|Any CPU = Debug|Any CPU
		Release|Any CPU = Release|Any CPU
	EndGlobalSection
	GlobalSection(ProjectConfigurationPlatforms) = postSolution
		{BCD4C222-A030-42A1-B368-AB9EC65485BF}.Debug|Any CPU.ActiveCfg = Debug|Any CPU
		{BCD4C222-A030-42A1-B368-AB9EC65485BF}.Debug|Any CPU.Build.0 = Debug|Any CPU
		{BCD4C222-A030-42A1-B368-AB9EC65485BF}.Release|Any CPU.ActiveCfg = Release|Any CPU
		{BCD4C222-A030-42A1-B368-AB9EC65485BF}.Release|Any CPU.Build.0 = Release|Any CPU
	EndGlobalSection
	GlobalSection(SolutionProperties) = preSolution
		HideSolutionNode = FALSE
	EndGlobalSection
	GlobalSection(ExtensibilityGlobals) = postSolution
		SolutionGuid = {0ED31889-BC65-432D-B151-777AAA7D5981}
	EndGlobalSection
EndGlobal
